{
  "version": 4,
  "terraform_version": "1.4.5",
  "serial": 28,
  "lineage": "bc3fb8f1-de66-cd35-db20-49a809f0be24",
  "outputs": {},
  "resources": [
    {
      "mode": "managed",
      "type": "google_sql_database_instance",
      "name": "instance",
      "provider": "provider[\"registry.terraform.io/hashicorp/google\"]",
      "instances": [
        {
          "schema_version": 0,
          "attributes": {
            "clone": [],
            "connection_name": "peterproject-364114:us-west1:pkslow-postgresql",
            "database_version": "POSTGRES_13",
            "deletion_protection": true,
            "first_ip_address": "35.230.15.176",
            "id": "pkslow-postgresql",
            "ip_address": [
              {
                "ip_address": "35.230.15.176",
                "time_to_retire": "",
                "type": "PRIMARY"
              },
              {
                "ip_address": "34.168.55.79",
                "time_to_retire": "",
                "type": "OUTGOING"
              }
            ],
            "master_instance_name": "",
            "name": "pkslow-postgresql",
            "private_ip_address": "",
            "project": "peterproject-364114",
            "public_ip_address": "35.230.15.176",
            "region": "us-west1",
            "replica_configuration": [],
            "restore_backup_context": [],
            "root_password": null,
            "self_link": "https://sqladmin.googleapis.com/sql/v1beta4/projects/peterproject-364114/instances/pkslow-postgresql",
            "server_ca_cert": [
              {
                "cert": "-----BEGIN CERTIFICATE-----\nMIIDfzCCAmegAwIBAgIBADANBgkqhkiG9w0BAQsFADB3MS0wKwYDVQQuEyQwZTQ2\nYThiYi0wY2U2LTRjYzAtOWUwNS01MTM3YTVjMWRkZWExIzAhBgNVBAMTGkdvb2ds\nZSBDbG91ZCBTUUwgU2VydmVyIENBMRQwEgYDVQQKEwtHb29nbGUsIEluYzELMAkG\nA1UEBhMCVVMwHhcNMjMwNDE4MTQ0MDUxWhcNMzMwNDE1MTQ0MTUxWjB3MS0wKwYD\nVQQuEyQwZTQ2YThiYi0wY2U2LTRjYzAtOWUwNS01MTM3YTVjMWRkZWExIzAhBgNV\nBAMTGkdvb2dsZSBDbG91ZCBTUUwgU2VydmVyIENBMRQwEgYDVQQKEwtHb29nbGUs\nIEluYzELMAkGA1UEBhMCVVMwggEiMA0GCSqGSIb3DQEBAQUAA4IBDwAwggEKAoIB\nAQCDUFsRGc6a66iGrIQT4G7LT4ovLJSaUZU/Vhpb9Xj8DDxJbJybJ/ocdijxTvNq\nvFpNNG+Ycwc62LkgmYMBzd6hrxlv4+XdzIAf/D9or8LG/HAqvLj2if15Lq09vRaZ\nqoj2j1QqRB8eD/Mc9kzlUx8VIJx1M/H2C/awMF9y/49TCQ86xEwfdx/806qSeJnh\nJpwXC41fwJs3mZmVtbWYNsHEvFcfW9qkLHjafKBBXABc7Wu0iFJOjm7Dc37VA3EJ\nYHNgCpsMalwFB29hjwcYykW5Z6KClftp4DXjXvkdJq+Zn9sBA6L9rZDiUbsmWm1l\nkEvxuiHAiyGRknKL5VfJyDeHAgMBAAGjFjAUMBIGA1UdEwEB/wQIMAYBAf8CAQAw\nDQYJKoZIhvcNAQELBQADggEBAE4LU0m1Vb8fYtdff3UICK6K5Mhr1aNXJUdhuAUr\nleg7dPskmI3RjzCeMy48m4yJJxQXdTmGgkBi9+8Q4RPqNChiCvngtqpWV7murZJ2\nTwEsbQdFLhqYL7BeOmUvkIM/VXnh8sfRaWE148sffIB7Y5DJLfLNwALJL8WQMwJs\ntnqqhzh+dC1W+JV8J3doAxL0qoHyw01Pvs5dJU7nB+7DDi3j+zWKMllkCmod1qe+\nflWkDj19UIlqLH3DVeGnW1uOWlUKqopZ/sUhev82pnfEezWh9bXKZgYT+tVmB0lv\n+yWpS2z2k9mga3o0eqJ6z3chzD9HM/57wby3ISWor7lIPE0=\n-----END CERTIFICATE-----",
                "common_name": "C=US,O=Google\\, Inc,CN=Google Cloud SQL Server CA,dnQualifier=0e46a8bb-0ce6-4cc0-9e05-5137a5c1ddea",
                "create_time": "2023-04-18T14:40:51.314Z",
                "expiration_time": "2033-04-15T14:41:51.314Z",
                "sha1_fingerprint": "0a6a308b1e1766151c40b37da78e55de7e785df3"
              }
            ],
            "service_account_email_address": "p878467896519-153jgo@gcp-sa-cloud-sql.iam.gserviceaccount.com",
            "settings": [
              {
                "activation_policy": "ALWAYS",
                "active_directory_config": [],
                "availability_type": "ZONAL",
                "backup_configuration": [
                  {
                    "backup_retention_settings": [
                      {
                        "retained_backups": 7,
                        "retention_unit": "COUNT"
                      }
                    ],
                    "binary_log_enabled": false,
                    "enabled": false,
                    "location": "",
                    "point_in_time_recovery_enabled": false,
                    "start_time": "21:00",
                    "transaction_log_retention_days": 7
                  }
                ],
                "collation": "",
                "database_flags": [],
                "disk_autoresize": true,
                "disk_autoresize_limit": 0,
                "disk_size": 10,
                "disk_type": "PD_SSD",
                "insights_config": [],
                "ip_configuration": [
                  {
                    "allocated_ip_range": "",
                    "authorized_networks": [
                      {
                        "expiration_time": "2099-01-01T00:00:00Z",
                        "name": "allow-all",
                        "value": "0.0.0.0/0"
                      }
                    ],
                    "ipv4_enabled": true,
                    "private_network": "",
                    "require_ssl": false
                  }
                ],
                "location_preference": [
                  {
                    "follow_gae_application": "",
                    "zone": "us-west1-a"
                  }
                ],
                "maintenance_window": [],
                "pricing_plan": "PER_USE",
                "tier": "db-f1-micro",
                "user_labels": {},
                "version": 2
              }
            ],
            "timeouts": null
          },
          "sensitive_attributes": [],
          "private": "eyJlMmJmYjczMC1lY2FhLTExZTYtOGY4OC0zNDM2M2JjN2M0YzAiOnsiY3JlYXRlIjoxODAwMDAwMDAwMDAwLCJkZWxldGUiOjE4MDAwMDAwMDAwMDAsInVwZGF0ZSI6MTgwMDAwMDAwMDAwMH19"
        }
      ]
    }
  ],
  "check_results": null
}
